
Microsoft Visual Studio Solution File, Format Version 12.00
# Visual Studio 15
VisualStudioVersion = 15.0.28010.2003
MinimumVisualStudioVersion = 10.0.40219.1
Project("{FAE04EC0-301F-11D3-BF4B-00C04F79EFBC}") = "TP_FINAL", "WebApplication1\TP_FINAL.csproj", "{409BC44A-157C-4125-9F98-FEBD5C2DD2B9}"
EndProject
Global
	GlobalSection(SolutionConfigurationPlatforms) = preSolution
		Debug|Any CPU = Debug|Any CPU
		Release|Any CPU = Release|Any CPU
	EndGlobalSection
	GlobalSection(ProjectConfigurationPlatforms) = postSolution
		{409BC44A-157C-4125-9F98-FEBD5C2DD2B9}.Debug|Any CPU.ActiveCfg = Debug|Any CPU
		{409BC44A-157C-4125-9F98-FEBD5C2DD2B9}.Debug|Any CPU.Build.0 = Debug|Any CPU
		{409BC44A-157C-4125-9F98-FEBD5C2DD2B9}.Release|Any CPU.ActiveCfg = Release|Any CPU
		{409BC44A-157C-4125-9F98-FEBD5C2DD2B9}.Release|Any CPU.Build.0 = Release|Any CPU
	EndGlobalSection
	GlobalSection(SolutionProperties) = preSolution
		HideSolutionNode = FALSE
	EndGlobalSection
	GlobalSection(ExtensibilityGlobals) = postSolution
		SolutionGuid = {AA40A56A-2024-40AD-AA0F-41C58622864D}
	EndGlobalSection
EndGlobal
